// !$*UTF8*$!
{
	archiveVersion = 1;
	classes = {
	};
	objectVersion = 50;
	objects = {

/* Begin PBXBuildFile section */
		2021DCEE0AF08530097DAF2D /* Pods_taskivateUITests.framework in Frameworks */ = {isa = PBXBuildFile; fileRef = FE94F8F887420817259C2F6B /* Pods_taskivateUITests.framework */; };
		2823C4E4209AC732007A2660 /* UserCell.swift in Sources */ = {isa = PBXBuildFile; fileRef = 2823C4E1209AC72F007A2660 /* UserCell.swift */; };
		2823C4E5209AC732007A2660 /* UserSearchViewController.swift in Sources */ = {isa = PBXBuildFile; fileRef = 2823C4E2209AC730007A2660 /* UserSearchViewController.swift */; };
		2823C4E6209AC732007A2660 /* UsersViewController.swift in Sources */ = {isa = PBXBuildFile; fileRef = 2823C4E3209AC732007A2660 /* UsersViewController.swift */; };
		2823C4E8209AC7E6007A2660 /* User.swift in Sources */ = {isa = PBXBuildFile; fileRef = 2823C4E7209AC7E6007A2660 /* User.swift */; };
		2823C4ED209AC80B007A2660 /* Notification.Name.swift in Sources */ = {isa = PBXBuildFile; fileRef = 2823C4E9209AC808007A2660 /* Notification.Name.swift */; };
		2823C4EE209AC80B007A2660 /* UIImageView+Download.swift in Sources */ = {isa = PBXBuildFile; fileRef = 2823C4EA209AC809007A2660 /* UIImageView+Download.swift */; };
		2823C4EF209AC80B007A2660 /* ViewController+Extension.swift in Sources */ = {isa = PBXBuildFile; fileRef = 2823C4EB209AC80A007A2660 /* ViewController+Extension.swift */; };
		2823C4F0209AC80B007A2660 /* Extensions.swift in Sources */ = {isa = PBXBuildFile; fileRef = 2823C4EC209AC80B007A2660 /* Extensions.swift */; };
		2823C4F4209AC87C007A2660 /* UserError.swift in Sources */ = {isa = PBXBuildFile; fileRef = 2823C4F1209AC879007A2660 /* UserError.swift */; };
		2823C4F5209AC87C007A2660 /* Base.swift in Sources */ = {isa = PBXBuildFile; fileRef = 2823C4F2209AC87B007A2660 /* Base.swift */; };
		2823C4F6209AC87C007A2660 /* UserAPI.swift in Sources */ = {isa = PBXBuildFile; fileRef = 2823C4F3209AC87C007A2660 /* UserAPI.swift */; };
		2823C4FD209AC917007A2660 /* ViewControllerUtils.swift in Sources */ = {isa = PBXBuildFile; fileRef = 2823C4F7209AC912007A2660 /* ViewControllerUtils.swift */; };
		2823C4FE209AC917007A2660 /* DateUtils.swift in Sources */ = {isa = PBXBuildFile; fileRef = 2823C4F8209AC913007A2660 /* DateUtils.swift */; };
		2823C4FF209AC917007A2660 /* ImageHelper.swift in Sources */ = {isa = PBXBuildFile; fileRef = 2823C4F9209AC914007A2660 /* ImageHelper.swift */; };
		2823C500209AC917007A2660 /* LogoutUtils.swift in Sources */ = {isa = PBXBuildFile; fileRef = 2823C4FA209AC915007A2660 /* LogoutUtils.swift */; };
		2823C501209AC917007A2660 /* AppUtility.swift in Sources */ = {isa = PBXBuildFile; fileRef = 2823C4FB209AC916007A2660 /* AppUtility.swift */; };
		2823C502209AC917007A2660 /* Constants.swift in Sources */ = {isa = PBXBuildFile; fileRef = 2823C4FC209AC917007A2660 /* Constants.swift */; };
		282B238720CD978D00F7B5ED /* UserInfoCell.swift in Sources */ = {isa = PBXBuildFile; fileRef = 282B238620CD978D00F7B5ED /* UserInfoCell.swift */; };
		2843BCF72104FCEE008A291C /* TaskInfoElement.swift in Sources */ = {isa = PBXBuildFile; fileRef = 2843BCF62104FCEE008A291C /* TaskInfoElement.swift */; };
		2843BCF921050304008A291C /* Task.swift in Sources */ = {isa = PBXBuildFile; fileRef = 2843BCF821050304008A291C /* Task.swift */; };
		2843BCFC210538CA008A291C /* AddTaskViewController.swift in Sources */ = {isa = PBXBuildFile; fileRef = 2843BCFB210538CA008A291C /* AddTaskViewController.swift */; };
		2843BCFE210ABFDE008A291C /* TaskAPI.swift in Sources */ = {isa = PBXBuildFile; fileRef = 2843BCFD210ABFDE008A291C /* TaskAPI.swift */; };
		284535E920C4CD9F00A0BE8B /* FormItemUIProperties.swift in Sources */ = {isa = PBXBuildFile; fileRef = 284535E820C4CD9F00A0BE8B /* FormItemUIProperties.swift */; };
		284535EB20C4D53900A0BE8B /* UserProfileController.swift in Sources */ = {isa = PBXBuildFile; fileRef = 284535EA20C4D53900A0BE8B /* UserProfileController.swift */; };
		2850F70A211FBA280005FA6B /* CustomNavigationItem.swift in Sources */ = {isa = PBXBuildFile; fileRef = 2850F709211FBA280005FA6B /* CustomNavigationItem.swift */; };
		2851B1E220D47D0B009088A6 /* UserPhoneCell.swift in Sources */ = {isa = PBXBuildFile; fileRef = 2851B1E120D47D0B009088A6 /* UserPhoneCell.swift */; };
		28625094209AB87500BD625B /* AppDelegate.swift in Sources */ = {isa = PBXBuildFile; fileRef = 28625093209AB87500BD625B /* AppDelegate.swift */; };
		28625096209AB87500BD625B /* ViewController.swift in Sources */ = {isa = PBXBuildFile; fileRef = 28625095209AB87500BD625B /* ViewController.swift */; };
		28625099209AB87500BD625B /* Main.storyboard in Resources */ = {isa = PBXBuildFile; fileRef = 28625097209AB87500BD625B /* Main.storyboard */; };
		2862509B209AB87600BD625B /* Assets.xcassets in Resources */ = {isa = PBXBuildFile; fileRef = 2862509A209AB87600BD625B /* Assets.xcassets */; };
		2862509E209AB87600BD625B /* LaunchScreen.storyboard in Resources */ = {isa = PBXBuildFile; fileRef = 2862509C209AB87600BD625B /* LaunchScreen.storyboard */; };
		286250A9209AB87600BD625B /* taskivateTests.swift in Sources */ = {isa = PBXBuildFile; fileRef = 286250A8209AB87600BD625B /* taskivateTests.swift */; };
		286250B4209AB87600BD625B /* taskivateUITests.swift in Sources */ = {isa = PBXBuildFile; fileRef = 286250B3209AB87600BD625B /* taskivateUITests.swift */; };
		286250C2209ABA5600BD625B /* Podfile in Resources */ = {isa = PBXBuildFile; fileRef = 286250C1209ABA5600BD625B /* Podfile */; };
		287103B820AF84ED00891476 /* AccountOptionsTableView.swift in Sources */ = {isa = PBXBuildFile; fileRef = 287103B720AF84ED00891476 /* AccountOptionsTableView.swift */; };
		287103BA20AF86E700891476 /* SettingsEnum.swift in Sources */ = {isa = PBXBuildFile; fileRef = 287103B920AF86E700891476 /* SettingsEnum.swift */; };
		288CD7EB20E748DA0082AA8E /* TaskTableCell.swift in Sources */ = {isa = PBXBuildFile; fileRef = 288CD7EA20E748DA0082AA8E /* TaskTableCell.swift */; };
		288CD7ED20E74E3E0082AA8E /* BaseViewController.swift in Sources */ = {isa = PBXBuildFile; fileRef = 288CD7EC20E74E3E0082AA8E /* BaseViewController.swift */; };
		288CD7EF20E7502B0082AA8E /* BaseTableViewController.swift in Sources */ = {isa = PBXBuildFile; fileRef = 288CD7EE20E7502B0082AA8E /* BaseTableViewController.swift */; };
		288CD7F120E823880082AA8E /* BaseCell.swift in Sources */ = {isa = PBXBuildFile; fileRef = 288CD7F020E823880082AA8E /* BaseCell.swift */; };
		288CD7F320EAFB450082AA8E /* BaseCollectionViewController.swift in Sources */ = {isa = PBXBuildFile; fileRef = 288CD7F220EAFB450082AA8E /* BaseCollectionViewController.swift */; };
		288CD7F520EAFB6F0082AA8E /* BaseCollectionViewCell.swift in Sources */ = {isa = PBXBuildFile; fileRef = 288CD7F420EAFB6F0082AA8E /* BaseCollectionViewCell.swift */; };
		28A2C8F220F1D1DF00E620E8 /* DashbaordCollectionView.swift in Sources */ = {isa = PBXBuildFile; fileRef = 28A2C8F120F1D1DF00E620E8 /* DashbaordCollectionView.swift */; };
		28AC747F20F5A264006D17B5 /* DashbaordCollectionVC.swift in Sources */ = {isa = PBXBuildFile; fileRef = 28AC747E20F5A264006D17B5 /* DashbaordCollectionVC.swift */; };
		28B25FC3209CF18D00BF2A89 /* TaskViewController.swift in Sources */ = {isa = PBXBuildFile; fileRef = 28B25FC2209CF18D00BF2A89 /* TaskViewController.swift */; };
		28B25FC7209D2E6B00BF2A89 /* SettingsViewController.swift in Sources */ = {isa = PBXBuildFile; fileRef = 28B25FC6209D2E6B00BF2A89 /* SettingsViewController.swift */; };
		28B25FC9209D316E00BF2A89 /* DashboardController.swift in Sources */ = {isa = PBXBuildFile; fileRef = 28B25FC8209D316E00BF2A89 /* DashboardController.swift */; };
		28B7E701209E2C7D009A8C1B /* MenuBar.swift in Sources */ = {isa = PBXBuildFile; fileRef = 28B7E700209E2C7D009A8C1B /* MenuBar.swift */; };
		28B7E703209F8A13009A8C1B /* TestViewController.swift in Sources */ = {isa = PBXBuildFile; fileRef = 28B7E702209F8A13009A8C1B /* TestViewController.swift */; };
		28DF3BE620C263160009737D /* LaunchViewController.swift in Sources */ = {isa = PBXBuildFile; fileRef = 28DF3BE520C263160009737D /* LaunchViewController.swift */; };
		28E849E5209AC2A5005C5533 /* Sansation-BoldItalic.ttf in Resources */ = {isa = PBXBuildFile; fileRef = 28E849DF209AC29F005C5533 /* Sansation-BoldItalic.ttf */; };
		28E849E6209AC2A5005C5533 /* Sansation-Italic.ttf in Resources */ = {isa = PBXBuildFile; fileRef = 28E849E0209AC2A0005C5533 /* Sansation-Italic.ttf */; };
		28E849E7209AC2A5005C5533 /* Sansation-Light.ttf in Resources */ = {isa = PBXBuildFile; fileRef = 28E849E1209AC2A1005C5533 /* Sansation-Light.ttf */; };
		28E849E8209AC2A5005C5533 /* Sansation-LightItalic.ttf in Resources */ = {isa = PBXBuildFile; fileRef = 28E849E2209AC2A2005C5533 /* Sansation-LightItalic.ttf */; };
		28E849E9209AC2A5005C5533 /* Sansation-Regular.ttf in Resources */ = {isa = PBXBuildFile; fileRef = 28E849E3209AC2A3005C5533 /* Sansation-Regular.ttf */; };
		28E849EA209AC2A5005C5533 /* Sansation-Bold.ttf in Resources */ = {isa = PBXBuildFile; fileRef = 28E849E4209AC2A5005C5533 /* Sansation-Bold.ttf */; };
		28E849EC209AC353005C5533 /* CustomTabBarController.swift in Sources */ = {isa = PBXBuildFile; fileRef = 28E849EB209AC353005C5533 /* CustomTabBarController.swift */; };
		28F7C67020B5B52B00095260 /* UserProfileController_old.swift in Sources */ = {isa = PBXBuildFile; fileRef = 28F7C66F20B5B52B00095260 /* UserProfileController_old.swift */; };
		28FBE640209C282C0031D144 /* HomeViewController.swift in Sources */ = {isa = PBXBuildFile; fileRef = 28FBE63E209C28290031D144 /* HomeViewController.swift */; };
		28FBE641209C282C0031D144 /* TaskivateAuthViewController.swift in Sources */ = {isa = PBXBuildFile; fileRef = 28FBE63F209C282C0031D144 /* TaskivateAuthViewController.swift */; };
		28FBE6BF209C2F2E0031D144 /* GoogleService-Info.plist in Resources */ = {isa = PBXBuildFile; fileRef = 28FBE6BE209C2F2E0031D144 /* GoogleService-Info.plist */; };
		59C0B44893CD11359E2B91C7 /* Pods_taskivate.framework in Frameworks */ = {isa = PBXBuildFile; fileRef = 59D403489BE3F92048686904 /* Pods_taskivate.framework */; };
/* End PBXBuildFile section */

/* Begin PBXContainerItemProxy section */
		286250A5209AB87600BD625B /* PBXContainerItemProxy */ = {
			isa = PBXContainerItemProxy;
			containerPortal = 28625088209AB87500BD625B /* Project object */;
			proxyType = 1;
			remoteGlobalIDString = 2862508F209AB87500BD625B;
			remoteInfo = taskivate;
		};
		286250B0209AB87600BD625B /* PBXContainerItemProxy */ = {
			isa = PBXContainerItemProxy;
			containerPortal = 28625088209AB87500BD625B /* Project object */;
			proxyType = 1;
			remoteGlobalIDString = 2862508F209AB87500BD625B;
			remoteInfo = taskivate;
		};
/* End PBXContainerItemProxy section */

/* Begin PBXFileReference section */
		01F14F3700B2C3C87C8BB6FE /* Pods-taskivateUITests.debug.xcconfig */ = {isa = PBXFileReference; includeInIndex = 1; lastKnownFileType = text.xcconfig; name = "Pods-taskivateUITests.debug.xcconfig"; path = "Pods/Target Support Files/Pods-taskivateUITests/Pods-taskivateUITests.debug.xcconfig"; sourceTree = "<group>"; };
		2823C4E1209AC72F007A2660 /* UserCell.swift */ = {isa = PBXFileReference; fileEncoding = 4; lastKnownFileType = sourcecode.swift; path = UserCell.swift; sourceTree = "<group>"; };
		2823C4E2209AC730007A2660 /* UserSearchViewController.swift */ = {isa = PBXFileReference; fileEncoding = 4; lastKnownFileType = sourcecode.swift; path = UserSearchViewController.swift; sourceTree = "<group>"; };
		2823C4E3209AC732007A2660 /* UsersViewController.swift */ = {isa = PBXFileReference; fileEncoding = 4; lastKnownFileType = sourcecode.swift; path = UsersViewController.swift; sourceTree = "<group>"; };
		2823C4E7209AC7E6007A2660 /* User.swift */ = {isa = PBXFileReference; fileEncoding = 4; lastKnownFileType = sourcecode.swift; path = User.swift; sourceTree = "<group>"; };
		2823C4E9209AC808007A2660 /* Notification.Name.swift */ = {isa = PBXFileReference; fileEncoding = 4; lastKnownFileType = sourcecode.swift; path = Notification.Name.swift; sourceTree = "<group>"; };
		2823C4EA209AC809007A2660 /* UIImageView+Download.swift */ = {isa = PBXFileReference; fileEncoding = 4; lastKnownFileType = sourcecode.swift; path = "UIImageView+Download.swift"; sourceTree = "<group>"; };
		2823C4EB209AC80A007A2660 /* ViewController+Extension.swift */ = {isa = PBXFileReference; fileEncoding = 4; lastKnownFileType = sourcecode.swift; path = "ViewController+Extension.swift"; sourceTree = "<group>"; };
		2823C4EC209AC80B007A2660 /* Extensions.swift */ = {isa = PBXFileReference; fileEncoding = 4; lastKnownFileType = sourcecode.swift; path = Extensions.swift; sourceTree = "<group>"; };
		2823C4F1209AC879007A2660 /* UserError.swift */ = {isa = PBXFileReference; fileEncoding = 4; lastKnownFileType = sourcecode.swift; path = UserError.swift; sourceTree = "<group>"; };
		2823C4F2209AC87B007A2660 /* Base.swift */ = {isa = PBXFileReference; fileEncoding = 4; lastKnownFileType = sourcecode.swift; path = Base.swift; sourceTree = "<group>"; };
		2823C4F3209AC87C007A2660 /* UserAPI.swift */ = {isa = PBXFileReference; fileEncoding = 4; lastKnownFileType = sourcecode.swift; path = UserAPI.swift; sourceTree = "<group>"; };
		2823C4F7209AC912007A2660 /* ViewControllerUtils.swift */ = {isa = PBXFileReference; fileEncoding = 4; lastKnownFileType = sourcecode.swift; path = ViewControllerUtils.swift; sourceTree = "<group>"; };
		2823C4F8209AC913007A2660 /* DateUtils.swift */ = {isa = PBXFileReference; fileEncoding = 4; lastKnownFileType = sourcecode.swift; path = DateUtils.swift; sourceTree = "<group>"; };
		2823C4F9209AC914007A2660 /* ImageHelper.swift */ = {isa = PBXFileReference; fileEncoding = 4; lastKnownFileType = sourcecode.swift; path = ImageHelper.swift; sourceTree = "<group>"; };
		2823C4FA209AC915007A2660 /* LogoutUtils.swift */ = {isa = PBXFileReference; fileEncoding = 4; lastKnownFileType = sourcecode.swift; path = LogoutUtils.swift; sourceTree = "<group>"; };
		2823C4FB209AC916007A2660 /* AppUtility.swift */ = {isa = PBXFileReference; fileEncoding = 4; lastKnownFileType = sourcecode.swift; path = AppUtility.swift; sourceTree = "<group>"; };
		2823C4FC209AC917007A2660 /* Constants.swift */ = {isa = PBXFileReference; fileEncoding = 4; lastKnownFileType = sourcecode.swift; path = Constants.swift; sourceTree = "<group>"; };
		282B238620CD978D00F7B5ED /* UserInfoCell.swift */ = {isa = PBXFileReference; lastKnownFileType = sourcecode.swift; path = UserInfoCell.swift; sourceTree = "<group>"; };
		282DBC91209ABD4F0034DEF8 /* taskivate.entitlements */ = {isa = PBXFileReference; fileEncoding = 4; lastKnownFileType = text.plist.entitlements; path = taskivate.entitlements; sourceTree = "<group>"; };
		2843BCF62104FCEE008A291C /* TaskInfoElement.swift */ = {isa = PBXFileReference; lastKnownFileType = sourcecode.swift; name = TaskInfoElement.swift; path = /Users/neil/Desktop/taskivate_projects/taskivate_ios/taskivate/taskivate/Model/TaskInfoElement.swift; sourceTree = "<absolute>"; };
		2843BCF821050304008A291C /* Task.swift */ = {isa = PBXFileReference; lastKnownFileType = sourcecode.swift; path = Task.swift; sourceTree = "<group>"; };
		2843BCFB210538CA008A291C /* AddTaskViewController.swift */ = {isa = PBXFileReference; lastKnownFileType = sourcecode.swift; path = AddTaskViewController.swift; sourceTree = "<group>"; };
		2843BCFD210ABFDE008A291C /* TaskAPI.swift */ = {isa = PBXFileReference; lastKnownFileType = sourcecode.swift; path = TaskAPI.swift; sourceTree = "<group>"; };
		284535E820C4CD9F00A0BE8B /* FormItemUIProperties.swift */ = {isa = PBXFileReference; lastKnownFileType = sourcecode.swift; path = FormItemUIProperties.swift; sourceTree = "<group>"; };
		284535EA20C4D53900A0BE8B /* UserProfileController.swift */ = {isa = PBXFileReference; lastKnownFileType = sourcecode.swift; path = UserProfileController.swift; sourceTree = "<group>"; };
		2850F709211FBA280005FA6B /* CustomNavigationItem.swift */ = {isa = PBXFileReference; lastKnownFileType = sourcecode.swift; path = CustomNavigationItem.swift; sourceTree = "<group>"; };
		2851B1E120D47D0B009088A6 /* UserPhoneCell.swift */ = {isa = PBXFileReference; fileEncoding = 4; lastKnownFileType = sourcecode.swift; path = UserPhoneCell.swift; sourceTree = "<group>"; };
		28625090209AB87500BD625B /* taskivate.app */ = {isa = PBXFileReference; explicitFileType = wrapper.application; includeInIndex = 0; path = taskivate.app; sourceTree = BUILT_PRODUCTS_DIR; };
		28625093209AB87500BD625B /* AppDelegate.swift */ = {isa = PBXFileReference; lastKnownFileType = sourcecode.swift; path = AppDelegate.swift; sourceTree = "<group>"; };
		28625095209AB87500BD625B /* ViewController.swift */ = {isa = PBXFileReference; lastKnownFileType = sourcecode.swift; path = ViewController.swift; sourceTree = "<group>"; };
		28625098209AB87500BD625B /* Base */ = {isa = PBXFileReference; lastKnownFileType = file.storyboard; name = Base; path = Base.lproj/Main.storyboard; sourceTree = "<group>"; };
		2862509A209AB87600BD625B /* Assets.xcassets */ = {isa = PBXFileReference; lastKnownFileType = folder.assetcatalog; path = Assets.xcassets; sourceTree = "<group>"; };
		2862509D209AB87600BD625B /* Base */ = {isa = PBXFileReference; lastKnownFileType = file.storyboard; name = Base; path = Base.lproj/LaunchScreen.storyboard; sourceTree = "<group>"; };
		2862509F209AB87600BD625B /* Info.plist */ = {isa = PBXFileReference; lastKnownFileType = text.plist.xml; path = Info.plist; sourceTree = "<group>"; };
		286250A4209AB87600BD625B /* taskivateTests.xctest */ = {isa = PBXFileReference; explicitFileType = wrapper.cfbundle; includeInIndex = 0; path = taskivateTests.xctest; sourceTree = BUILT_PRODUCTS_DIR; };
		286250A8209AB87600BD625B /* taskivateTests.swift */ = {isa = PBXFileReference; lastKnownFileType = sourcecode.swift; path = taskivateTests.swift; sourceTree = "<group>"; };
		286250AA209AB87600BD625B /* Info.plist */ = {isa = PBXFileReference; lastKnownFileType = text.plist.xml; path = Info.plist; sourceTree = "<group>"; };
		286250AF209AB87600BD625B /* taskivateUITests.xctest */ = {isa = PBXFileReference; explicitFileType = wrapper.cfbundle; includeInIndex = 0; path = taskivateUITests.xctest; sourceTree = BUILT_PRODUCTS_DIR; };
		286250B3209AB87600BD625B /* taskivateUITests.swift */ = {isa = PBXFileReference; lastKnownFileType = sourcecode.swift; path = taskivateUITests.swift; sourceTree = "<group>"; };
		286250B5209AB87600BD625B /* Info.plist */ = {isa = PBXFileReference; lastKnownFileType = text.plist.xml; path = Info.plist; sourceTree = "<group>"; };
		286250C1209ABA5600BD625B /* Podfile */ = {isa = PBXFileReference; fileEncoding = 4; lastKnownFileType = text; path = Podfile; sourceTree = "<group>"; xcLanguageSpecificationIdentifier = xcode.lang.ruby; };
		287103B720AF84ED00891476 /* AccountOptionsTableView.swift */ = {isa = PBXFileReference; lastKnownFileType = sourcecode.swift; path = AccountOptionsTableView.swift; sourceTree = "<group>"; };
		287103B920AF86E700891476 /* SettingsEnum.swift */ = {isa = PBXFileReference; lastKnownFileType = sourcecode.swift; path = SettingsEnum.swift; sourceTree = "<group>"; };
		288CD7EA20E748DA0082AA8E /* TaskTableCell.swift */ = {isa = PBXFileReference; lastKnownFileType = sourcecode.swift; path = TaskTableCell.swift; sourceTree = "<group>"; };
		288CD7EC20E74E3E0082AA8E /* BaseViewController.swift */ = {isa = PBXFileReference; lastKnownFileType = sourcecode.swift; path = BaseViewController.swift; sourceTree = "<group>"; };
		288CD7EE20E7502B0082AA8E /* BaseTableViewController.swift */ = {isa = PBXFileReference; lastKnownFileType = sourcecode.swift; path = BaseTableViewController.swift; sourceTree = "<group>"; };
		288CD7F020E823880082AA8E /* BaseCell.swift */ = {isa = PBXFileReference; lastKnownFileType = sourcecode.swift; path = BaseCell.swift; sourceTree = "<group>"; };
		288CD7F220EAFB450082AA8E /* BaseCollectionViewController.swift */ = {isa = PBXFileReference; lastKnownFileType = sourcecode.swift; path = BaseCollectionViewController.swift; sourceTree = "<group>"; };
		288CD7F420EAFB6F0082AA8E /* BaseCollectionViewCell.swift */ = {isa = PBXFileReference; lastKnownFileType = sourcecode.swift; path = BaseCollectionViewCell.swift; sourceTree = "<group>"; };
		28A2C8F120F1D1DF00E620E8 /* DashbaordCollectionView.swift */ = {isa = PBXFileReference; lastKnownFileType = sourcecode.swift; path = DashbaordCollectionView.swift; sourceTree = "<group>"; };
		28AC747E20F5A264006D17B5 /* DashbaordCollectionVC.swift */ = {isa = PBXFileReference; lastKnownFileType = sourcecode.swift; path = DashbaordCollectionVC.swift; sourceTree = "<group>"; };
		28B25FC2209CF18D00BF2A89 /* TaskViewController.swift */ = {isa = PBXFileReference; lastKnownFileType = sourcecode.swift; path = TaskViewController.swift; sourceTree = "<group>"; };
		28B25FC6209D2E6B00BF2A89 /* SettingsViewController.swift */ = {isa = PBXFileReference; lastKnownFileType = sourcecode.swift; path = SettingsViewController.swift; sourceTree = "<group>"; };
		28B25FC8209D316E00BF2A89 /* DashboardController.swift */ = {isa = PBXFileReference; lastKnownFileType = sourcecode.swift; path = DashboardController.swift; sourceTree = "<group>"; };
		28B7E700209E2C7D009A8C1B /* MenuBar.swift */ = {isa = PBXFileReference; lastKnownFileType = sourcecode.swift; path = MenuBar.swift; sourceTree = "<group>"; };
		28B7E702209F8A13009A8C1B /* TestViewController.swift */ = {isa = PBXFileReference; lastKnownFileType = sourcecode.swift; path = TestViewController.swift; sourceTree = "<group>"; };
		28DF3BE520C263160009737D /* LaunchViewController.swift */ = {isa = PBXFileReference; lastKnownFileType = sourcecode.swift; path = LaunchViewController.swift; sourceTree = "<group>"; };
		28E849DF209AC29F005C5533 /* Sansation-BoldItalic.ttf */ = {isa = PBXFileReference; lastKnownFileType = file; path = "Sansation-BoldItalic.ttf"; sourceTree = "<group>"; };
		28E849E0209AC2A0005C5533 /* Sansation-Italic.ttf */ = {isa = PBXFileReference; lastKnownFileType = file; path = "Sansation-Italic.ttf"; sourceTree = "<group>"; };
		28E849E1209AC2A1005C5533 /* Sansation-Light.ttf */ = {isa = PBXFileReference; lastKnownFileType = file; path = "Sansation-Light.ttf"; sourceTree = "<group>"; };
		28E849E2209AC2A2005C5533 /* Sansation-LightItalic.ttf */ = {isa = PBXFileReference; lastKnownFileType = file; path = "Sansation-LightItalic.ttf"; sourceTree = "<group>"; };
		28E849E3209AC2A3005C5533 /* Sansation-Regular.ttf */ = {isa = PBXFileReference; lastKnownFileType = file; path = "Sansation-Regular.ttf"; sourceTree = "<group>"; };
		28E849E4209AC2A5005C5533 /* Sansation-Bold.ttf */ = {isa = PBXFileReference; lastKnownFileType = file; path = "Sansation-Bold.ttf"; sourceTree = "<group>"; };
		28E849EB209AC353005C5533 /* CustomTabBarController.swift */ = {isa = PBXFileReference; lastKnownFileType = sourcecode.swift; path = CustomTabBarController.swift; sourceTree = "<group>"; };
		28F7C66F20B5B52B00095260 /* UserProfileController_old.swift */ = {isa = PBXFileReference; lastKnownFileType = sourcecode.swift; path = UserProfileController_old.swift; sourceTree = "<group>"; };
		28FBE63E209C28290031D144 /* HomeViewController.swift */ = {isa = PBXFileReference; fileEncoding = 4; lastKnownFileType = sourcecode.swift; path = HomeViewController.swift; sourceTree = "<group>"; };
		28FBE63F209C282C0031D144 /* TaskivateAuthViewController.swift */ = {isa = PBXFileReference; fileEncoding = 4; lastKnownFileType = sourcecode.swift; path = TaskivateAuthViewController.swift; sourceTree = "<group>"; };
		28FBE6BE209C2F2E0031D144 /* GoogleService-Info.plist */ = {isa = PBXFileReference; fileEncoding = 4; lastKnownFileType = text.plist.xml; path = "GoogleService-Info.plist"; sourceTree = "<group>"; };
		39BCB79730C3B6FC8F9D3A03 /* Pods-taskivate.release.xcconfig */ = {isa = PBXFileReference; includeInIndex = 1; lastKnownFileType = text.xcconfig; name = "Pods-taskivate.release.xcconfig"; path = "Pods/Target Support Files/Pods-taskivate/Pods-taskivate.release.xcconfig"; sourceTree = "<group>"; };
		3C803028BB7627596AD68378 /* Pods-taskivate.debug.xcconfig */ = {isa = PBXFileReference; includeInIndex = 1; lastKnownFileType = text.xcconfig; name = "Pods-taskivate.debug.xcconfig"; path = "Pods/Target Support Files/Pods-taskivate/Pods-taskivate.debug.xcconfig"; sourceTree = "<group>"; };
		59D403489BE3F92048686904 /* Pods_taskivate.framework */ = {isa = PBXFileReference; explicitFileType = wrapper.framework; includeInIndex = 0; path = Pods_taskivate.framework; sourceTree = BUILT_PRODUCTS_DIR; };
		62EE98BAD38F19680CD7C221 /* Pods-taskivateUITests.release.xcconfig */ = {isa = PBXFileReference; includeInIndex = 1; lastKnownFileType = text.xcconfig; name = "Pods-taskivateUITests.release.xcconfig"; path = "Pods/Target Support Files/Pods-taskivateUITests/Pods-taskivateUITests.release.xcconfig"; sourceTree = "<group>"; };
		A6929789AB630A55100EB098 /* Pods_taskivateTests.framework */ = {isa = PBXFileReference; explicitFileType = wrapper.framework; includeInIndex = 0; path = Pods_taskivateTests.framework; sourceTree = BUILT_PRODUCTS_DIR; };
		FE94F8F887420817259C2F6B /* Pods_taskivateUITests.framework */ = {isa = PBXFileReference; explicitFileType = wrapper.framework; includeInIndex = 0; path = Pods_taskivateUITests.framework; sourceTree = BUILT_PRODUCTS_DIR; };
/* End PBXFileReference section */

/* Begin PBXFrameworksBuildPhase section */
		2862508D209AB87500BD625B /* Frameworks */ = {
			isa = PBXFrameworksBuildPhase;
			buildActionMask = 2147483647;
			files = (
				59C0B44893CD11359E2B91C7 /* Pods_taskivate.framework in Frameworks */,
			);
			runOnlyForDeploymentPostprocessing = 0;
		};
		286250A1209AB87600BD625B /* Frameworks */ = {
			isa = PBXFrameworksBuildPhase;
			buildActionMask = 2147483647;
			files = (
			);
			runOnlyForDeploymentPostprocessing = 0;
		};
		286250AC209AB87600BD625B /* Frameworks */ = {
			isa = PBXFrameworksBuildPhase;
			buildActionMask = 2147483647;
			files = (
				2021DCEE0AF08530097DAF2D /* Pods_taskivateUITests.framework in Frameworks */,
			);
			runOnlyForDeploymentPostprocessing = 0;
		};
/* End PBXFrameworksBuildPhase section */

/* Begin PBXGroup section */
		15F653D138B6025F0D19903B /* Pods */ = {
			isa = PBXGroup;
			children = (
				3C803028BB7627596AD68378 /* Pods-taskivate.debug.xcconfig */,
				39BCB79730C3B6FC8F9D3A03 /* Pods-taskivate.release.xcconfig */,
				01F14F3700B2C3C87C8BB6FE /* Pods-taskivateUITests.debug.xcconfig */,
				62EE98BAD38F19680CD7C221 /* Pods-taskivateUITests.release.xcconfig */,
			);
			name = Pods;
			sourceTree = "<group>";
		};
		2843BCFA2105033D008A291C /* ViewModel */ = {
			isa = PBXGroup;
			children = (
				2843BCF62104FCEE008A291C /* TaskInfoElement.swift */,
			);
			path = ViewModel;
			sourceTree = "<group>";
		};
		284535E720C4CD2C00A0BE8B /* Form */ = {
			isa = PBXGroup;
			children = (
				284535E820C4CD9F00A0BE8B /* FormItemUIProperties.swift */,
			);
			path = Form;
			sourceTree = "<group>";
		};
		28625087209AB87500BD625B = {
			isa = PBXGroup;
			children = (
				28625092209AB87500BD625B /* taskivate */,
				286250A7209AB87600BD625B /* taskivateTests */,
				286250B2209AB87600BD625B /* taskivateUITests */,
				28625091209AB87500BD625B /* Products */,
				286250C1209ABA5600BD625B /* Podfile */,
				15F653D138B6025F0D19903B /* Pods */,
				799DB3D3E84680B2F259ACD6 /* Frameworks */,
			);
			sourceTree = "<group>";
		};
		28625091209AB87500BD625B /* Products */ = {
			isa = PBXGroup;
			children = (
				28625090209AB87500BD625B /* taskivate.app */,
				286250A4209AB87600BD625B /* taskivateTests.xctest */,
				286250AF209AB87600BD625B /* taskivateUITests.xctest */,
			);
			name = Products;
			sourceTree = "<group>";
		};
		28625092209AB87500BD625B /* taskivate */ = {
			isa = PBXGroup;
			children = (
				2843BCFA2105033D008A291C /* ViewModel */,
				284535E720C4CD2C00A0BE8B /* Form */,
				28DF3BE220C260610009737D /* Utils */,
				28B7E6FF209E2C61009A8C1B /* View */,
				28FBE6BE209C2F2E0031D144 /* GoogleService-Info.plist */,
				28E849DE209AC274005C5533 /* Resources */,
				28E849C7209AC0F0005C5533 /* Extensions */,
				28E849C5209AC0B7005C5533 /* Model */,
				28E849C3209AC09D005C5533 /* Helpers */,
				28E849C2209AC092005C5533 /* API */,
				28E849C1209AC084005C5533 /* Controllers */,
				282DBC91209ABD4F0034DEF8 /* taskivate.entitlements */,
				28625093209AB87500BD625B /* AppDelegate.swift */,
				28625095209AB87500BD625B /* ViewController.swift */,
				28625097209AB87500BD625B /* Main.storyboard */,
				2862509A209AB87600BD625B /* Assets.xcassets */,
				2862509C209AB87600BD625B /* LaunchScreen.storyboard */,
				2862509F209AB87600BD625B /* Info.plist */,
			);
			path = taskivate;
			sourceTree = "<group>";
		};
		286250A7209AB87600BD625B /* taskivateTests */ = {
			isa = PBXGroup;
			children = (
				286250A8209AB87600BD625B /* taskivateTests.swift */,
				286250AA209AB87600BD625B /* Info.plist */,
			);
			path = taskivateTests;
			sourceTree = "<group>";
		};
		286250B2209AB87600BD625B /* taskivateUITests */ = {
			isa = PBXGroup;
			children = (
				286250B3209AB87600BD625B /* taskivateUITests.swift */,
				286250B5209AB87600BD625B /* Info.plist */,
			);
			path = taskivateUITests;
			sourceTree = "<group>";
		};
		28B7E6FF209E2C61009A8C1B /* View */ = {
			isa = PBXGroup;
			children = (
				28B7E700209E2C7D009A8C1B /* MenuBar.swift */,
				282B238620CD978D00F7B5ED /* UserInfoCell.swift */,
				2851B1E120D47D0B009088A6 /* UserPhoneCell.swift */,
				288CD7F020E823880082AA8E /* BaseCell.swift */,
				2823C4E1209AC72F007A2660 /* UserCell.swift */,
				288CD7EA20E748DA0082AA8E /* TaskTableCell.swift */,
				288CD7F420EAFB6F0082AA8E /* BaseCollectionViewCell.swift */,
				2850F709211FBA280005FA6B /* CustomNavigationItem.swift */,
			);
			path = View;
			sourceTree = "<group>";
		};
		28DF3BE220C260610009737D /* Utils */ = {
			isa = PBXGroup;
			children = (
			);
			path = Utils;
			sourceTree = "<group>";
		};
		28E849C1209AC084005C5533 /* Controllers */ = {
			isa = PBXGroup;
			children = (
				28FBE63E209C28290031D144 /* HomeViewController.swift */,
				28FBE63F209C282C0031D144 /* TaskivateAuthViewController.swift */,
				2823C4E2209AC730007A2660 /* UserSearchViewController.swift */,
				2823C4E3209AC732007A2660 /* UsersViewController.swift */,
				28E849EB209AC353005C5533 /* CustomTabBarController.swift */,
				28B25FC2209CF18D00BF2A89 /* TaskViewController.swift */,
				28B25FC6209D2E6B00BF2A89 /* SettingsViewController.swift */,
				28B25FC8209D316E00BF2A89 /* DashboardController.swift */,
				28B7E702209F8A13009A8C1B /* TestViewController.swift */,
				287103B720AF84ED00891476 /* AccountOptionsTableView.swift */,
				28F7C66F20B5B52B00095260 /* UserProfileController_old.swift */,
				28DF3BE520C263160009737D /* LaunchViewController.swift */,
				284535EA20C4D53900A0BE8B /* UserProfileController.swift */,
				288CD7EC20E74E3E0082AA8E /* BaseViewController.swift */,
				288CD7EE20E7502B0082AA8E /* BaseTableViewController.swift */,
				288CD7F220EAFB450082AA8E /* BaseCollectionViewController.swift */,
				28A2C8F120F1D1DF00E620E8 /* DashbaordCollectionView.swift */,
				28AC747E20F5A264006D17B5 /* DashbaordCollectionVC.swift */,
				2843BCFB210538CA008A291C /* AddTaskViewController.swift */,
			);
			path = Controllers;
			sourceTree = "<group>";
		};
		28E849C2209AC092005C5533 /* API */ = {
			isa = PBXGroup;
			children = (
				2823C4F2209AC87B007A2660 /* Base.swift */,
				2823C4F3209AC87C007A2660 /* UserAPI.swift */,
				2823C4F1209AC879007A2660 /* UserError.swift */,
				2843BCFD210ABFDE008A291C /* TaskAPI.swift */,
			);
			path = API;
			sourceTree = "<group>";
		};
		28E849C3209AC09D005C5533 /* Helpers */ = {
			isa = PBXGroup;
			children = (
				2823C4FB209AC916007A2660 /* AppUtility.swift */,
				2823C4FC209AC917007A2660 /* Constants.swift */,
				2823C4F8209AC913007A2660 /* DateUtils.swift */,
				2823C4F9209AC914007A2660 /* ImageHelper.swift */,
				2823C4FA209AC915007A2660 /* LogoutUtils.swift */,
				2823C4F7209AC912007A2660 /* ViewControllerUtils.swift */,
			);
			path = Helpers;
			sourceTree = "<group>";
		};
		28E849C5209AC0B7005C5533 /* Model */ = {
			isa = PBXGroup;
			children = (
				2823C4E7209AC7E6007A2660 /* User.swift */,
				287103B920AF86E700891476 /* SettingsEnum.swift */,
				2843BCF821050304008A291C /* Task.swift */,
			);
			path = Model;
			sourceTree = "<group>";
		};
		28E849C7209AC0F0005C5533 /* Extensions */ = {
			isa = PBXGroup;
			children = (
				2823C4EC209AC80B007A2660 /* Extensions.swift */,
				2823C4E9209AC808007A2660 /* Notification.Name.swift */,
				2823C4EA209AC809007A2660 /* UIImageView+Download.swift */,
				2823C4EB209AC80A007A2660 /* ViewController+Extension.swift */,
			);
			path = Extensions;
			sourceTree = "<group>";
		};
		28E849DE209AC274005C5533 /* Resources */ = {
			isa = PBXGroup;
			children = (
				28E849E4209AC2A5005C5533 /* Sansation-Bold.ttf */,
				28E849DF209AC29F005C5533 /* Sansation-BoldItalic.ttf */,
				28E849E0209AC2A0005C5533 /* Sansation-Italic.ttf */,
				28E849E1209AC2A1005C5533 /* Sansation-Light.ttf */,
				28E849E2209AC2A2005C5533 /* Sansation-LightItalic.ttf */,
				28E849E3209AC2A3005C5533 /* Sansation-Regular.ttf */,
			);
			path = Resources;
			sourceTree = "<group>";
		};
		799DB3D3E84680B2F259ACD6 /* Frameworks */ = {
			isa = PBXGroup;
			children = (
				59D403489BE3F92048686904 /* Pods_taskivate.framework */,
				FE94F8F887420817259C2F6B /* Pods_taskivateUITests.framework */,
				A6929789AB630A55100EB098 /* Pods_taskivateTests.framework */,
			);
			name = Frameworks;
			sourceTree = "<group>";
		};
/* End PBXGroup section */

/* Begin PBXNativeTarget section */
		2862508F209AB87500BD625B /* taskivate */ = {
			isa = PBXNativeTarget;
			buildConfigurationList = 286250B8209AB87600BD625B /* Build configuration list for PBXNativeTarget "taskivate" */;
			buildPhases = (
				D694EEC193D6D4EFD7F36ECF /* [CP] Check Pods Manifest.lock */,
				2862508C209AB87500BD625B /* Sources */,
				2862508D209AB87500BD625B /* Frameworks */,
				2862508E209AB87500BD625B /* Resources */,
				C6CBA1C6BEBB4410E8EA0787 /* [CP] Embed Pods Frameworks */,
				85E5E01772A8A9FB4F5EFC29 /* [CP] Copy Pods Resources */,
			);
			buildRules = (
			);
			dependencies = (
			);
			name = taskivate;
			productName = taskivate;
			productReference = 28625090209AB87500BD625B /* taskivate.app */;
			productType = "com.apple.product-type.application";
		};
		286250A3209AB87600BD625B /* taskivateTests */ = {
			isa = PBXNativeTarget;
			buildConfigurationList = 286250BB209AB87600BD625B /* Build configuration list for PBXNativeTarget "taskivateTests" */;
			buildPhases = (
				286250A0209AB87600BD625B /* Sources */,
				286250A1209AB87600BD625B /* Frameworks */,
				286250A2209AB87600BD625B /* Resources */,
			);
			buildRules = (
			);
			dependencies = (
				286250A6209AB87600BD625B /* PBXTargetDependency */,
			);
			name = taskivateTests;
			productName = taskivateTests;
			productReference = 286250A4209AB87600BD625B /* taskivateTests.xctest */;
			productType = "com.apple.product-type.bundle.unit-test";
		};
		286250AE209AB87600BD625B /* taskivateUITests */ = {
			isa = PBXNativeTarget;
			buildConfigurationList = 286250BE209AB87600BD625B /* Build configuration list for PBXNativeTarget "taskivateUITests" */;
			buildPhases = (
				DB00110A03864296785BC373 /* [CP] Check Pods Manifest.lock */,
				286250AB209AB87600BD625B /* Sources */,
				286250AC209AB87600BD625B /* Frameworks */,
				286250AD209AB87600BD625B /* Resources */,
				9086DE129420FE685B74F9D1 /* [CP] Embed Pods Frameworks */,
				7B35B6075C3E77196036D1E6 /* [CP] Copy Pods Resources */,
			);
			buildRules = (
			);
			dependencies = (
				286250B1209AB87600BD625B /* PBXTargetDependency */,
			);
			name = taskivateUITests;
			productName = taskivateUITests;
			productReference = 286250AF209AB87600BD625B /* taskivateUITests.xctest */;
			productType = "com.apple.product-type.bundle.ui-testing";
		};
/* End PBXNativeTarget section */

/* Begin PBXProject section */
		28625088209AB87500BD625B /* Project object */ = {
			isa = PBXProject;
			attributes = {
				LastSwiftUpdateCheck = 0930;
				LastUpgradeCheck = 0930;
				ORGANIZATIONNAME = taskivate;
				TargetAttributes = {
					2862508F209AB87500BD625B = {
						CreatedOnToolsVersion = 9.3;
						SystemCapabilities = {
							com.apple.ApplePay = {
								enabled = 1;
							};
							com.apple.DataProtection = {
								enabled = 0;
							};
							com.apple.Maps.iOS = {
								enabled = 0;
							};
							com.apple.NetworkExtensions.iOS = {
								enabled = 0;
							};
							com.apple.Push = {
								enabled = 1;
							};
						};
					};
					286250A3209AB87600BD625B = {
						CreatedOnToolsVersion = 9.3;
						TestTargetID = 2862508F209AB87500BD625B;
					};
					286250AE209AB87600BD625B = {
						CreatedOnToolsVersion = 9.3;
						TestTargetID = 2862508F209AB87500BD625B;
					};
				};
			};
			buildConfigurationList = 2862508B209AB87500BD625B /* Build configuration list for PBXProject "taskivate" */;
			compatibilityVersion = "Xcode 9.3";
			developmentRegion = en;
			hasScannedForEncodings = 0;
			knownRegions = (
				en,
				Base,
			);
			mainGroup = 28625087209AB87500BD625B;
			productRefGroup = 28625091209AB87500BD625B /* Products */;
			projectDirPath = "";
			projectRoot = "";
			targets = (
				2862508F209AB87500BD625B /* taskivate */,
				286250A3209AB87600BD625B /* taskivateTests */,
				286250AE209AB87600BD625B /* taskivateUITests */,
			);
		};
/* End PBXProject section */

/* Begin PBXResourcesBuildPhase section */
		2862508E209AB87500BD625B /* Resources */ = {
			isa = PBXResourcesBuildPhase;
			buildActionMask = 2147483647;
			files = (
				28E849E8209AC2A5005C5533 /* Sansation-LightItalic.ttf in Resources */,
				28E849E9209AC2A5005C5533 /* Sansation-Regular.ttf in Resources */,
				28E849E7209AC2A5005C5533 /* Sansation-Light.ttf in Resources */,
				28E849E5209AC2A5005C5533 /* Sansation-BoldItalic.ttf in Resources */,
				28E849EA209AC2A5005C5533 /* Sansation-Bold.ttf in Resources */,
				2862509E209AB87600BD625B /* LaunchScreen.storyboard in Resources */,
				2862509B209AB87600BD625B /* Assets.xcassets in Resources */,
				286250C2209ABA5600BD625B /* Podfile in Resources */,
				28FBE6BF209C2F2E0031D144 /* GoogleService-Info.plist in Resources */,
				28625099209AB87500BD625B /* Main.storyboard in Resources */,
				28E849E6209AC2A5005C5533 /* Sansation-Italic.ttf in Resources */,
			);
			runOnlyForDeploymentPostprocessing = 0;
		};
		286250A2209AB87600BD625B /* Resources */ = {
			isa = PBXResourcesBuildPhase;
			buildActionMask = 2147483647;
			files = (
			);
			runOnlyForDeploymentPostprocessing = 0;
		};
		286250AD209AB87600BD625B /* Resources */ = {
			isa = PBXResourcesBuildPhase;
			buildActionMask = 2147483647;
			files = (
			);
			runOnlyForDeploymentPostprocessing = 0;
		};
/* End PBXResourcesBuildPhase section */

/* Begin PBXShellScriptBuildPhase section */
		7B35B6075C3E77196036D1E6 /* [CP] Copy Pods Resources */ = {
			isa = PBXShellScriptBuildPhase;
			buildActionMask = 2147483647;
			files = (
			);
			inputPaths = (
				"${SRCROOT}/Pods/Target Support Files/Pods-taskivateUITests/Pods-taskivateUITests-resources.sh",
				"${PODS_CONFIGURATION_BUILD_DIR}/FirebaseUI/FirebaseAuthUI.bundle",
				"${PODS_CONFIGURATION_BUILD_DIR}/FirebaseUI/FirebaseFacebookAuthUI.bundle",
				"${PODS_CONFIGURATION_BUILD_DIR}/FirebaseUI/FirebaseGoogleAuthUI.bundle",
				"${PODS_CONFIGURATION_BUILD_DIR}/FirebaseUI/FirebasePhoneAuthUI.bundle",
				"${PODS_CONFIGURATION_BUILD_DIR}/FirebaseUI/FirebaseTwitterAuthUI.bundle",
				"${PODS_ROOT}/GoogleSignIn/Resources/GoogleSignIn.bundle",
				"${PODS_ROOT}/TwitterKit/iOS/TwitterKit.framework/TwitterKitResources.bundle",
				"${PODS_ROOT}/TwitterKit/iOS/TwitterKit.framework/TwitterShareExtensionUIResources.bundle",
			);
			name = "[CP] Copy Pods Resources";
			outputPaths = (
				"${TARGET_BUILD_DIR}/${UNLOCALIZED_RESOURCES_FOLDER_PATH}/FirebaseAuthUI.bundle",
				"${TARGET_BUILD_DIR}/${UNLOCALIZED_RESOURCES_FOLDER_PATH}/FirebaseFacebookAuthUI.bundle",
				"${TARGET_BUILD_DIR}/${UNLOCALIZED_RESOURCES_FOLDER_PATH}/FirebaseGoogleAuthUI.bundle",
				"${TARGET_BUILD_DIR}/${UNLOCALIZED_RESOURCES_FOLDER_PATH}/FirebasePhoneAuthUI.bundle",
				"${TARGET_BUILD_DIR}/${UNLOCALIZED_RESOURCES_FOLDER_PATH}/FirebaseTwitterAuthUI.bundle",
				"${TARGET_BUILD_DIR}/${UNLOCALIZED_RESOURCES_FOLDER_PATH}/GoogleSignIn.bundle",
				"${TARGET_BUILD_DIR}/${UNLOCALIZED_RESOURCES_FOLDER_PATH}/TwitterKitResources.bundle",
				"${TARGET_BUILD_DIR}/${UNLOCALIZED_RESOURCES_FOLDER_PATH}/TwitterShareExtensionUIResources.bundle",
			);
			runOnlyForDeploymentPostprocessing = 0;
			shellPath = /bin/sh;
			shellScript = "\"${SRCROOT}/Pods/Target Support Files/Pods-taskivateUITests/Pods-taskivateUITests-resources.sh\"\n";
			showEnvVarsInLog = 0;
		};
		85E5E01772A8A9FB4F5EFC29 /* [CP] Copy Pods Resources */ = {
			isa = PBXShellScriptBuildPhase;
			buildActionMask = 2147483647;
			files = (
			);
			inputPaths = (
				"${SRCROOT}/Pods/Target Support Files/Pods-taskivate/Pods-taskivate-resources.sh",
				"${PODS_CONFIGURATION_BUILD_DIR}/FirebaseUI/FirebaseAuthUI.bundle",
				"${PODS_CONFIGURATION_BUILD_DIR}/FirebaseUI/FirebaseFacebookAuthUI.bundle",
				"${PODS_CONFIGURATION_BUILD_DIR}/FirebaseUI/FirebaseGoogleAuthUI.bundle",
				"${PODS_CONFIGURATION_BUILD_DIR}/FirebaseUI/FirebasePhoneAuthUI.bundle",
				"${PODS_CONFIGURATION_BUILD_DIR}/FirebaseUI/FirebaseTwitterAuthUI.bundle",
				"${PODS_ROOT}/GoogleSignIn/Resources/GoogleSignIn.bundle",
				"${PODS_ROOT}/TwitterKit/iOS/TwitterKit.framework/TwitterKitResources.bundle",
				"${PODS_ROOT}/TwitterKit/iOS/TwitterKit.framework/TwitterShareExtensionUIResources.bundle",
			);
			name = "[CP] Copy Pods Resources";
			outputPaths = (
				"${TARGET_BUILD_DIR}/${UNLOCALIZED_RESOURCES_FOLDER_PATH}/FirebaseAuthUI.bundle",
				"${TARGET_BUILD_DIR}/${UNLOCALIZED_RESOURCES_FOLDER_PATH}/FirebaseFacebookAuthUI.bundle",
				"${TARGET_BUILD_DIR}/${UNLOCALIZED_RESOURCES_FOLDER_PATH}/FirebaseGoogleAuthUI.bundle",
				"${TARGET_BUILD_DIR}/${UNLOCALIZED_RESOURCES_FOLDER_PATH}/FirebasePhoneAuthUI.bundle",
				"${TARGET_BUILD_DIR}/${UNLOCALIZED_RESOURCES_FOLDER_PATH}/FirebaseTwitterAuthUI.bundle",
				"${TARGET_BUILD_DIR}/${UNLOCALIZED_RESOURCES_FOLDER_PATH}/GoogleSignIn.bundle",
				"${TARGET_BUILD_DIR}/${UNLOCALIZED_RESOURCES_FOLDER_PATH}/TwitterKitResources.bundle",
				"${TARGET_BUILD_DIR}/${UNLOCALIZED_RESOURCES_FOLDER_PATH}/TwitterShareExtensionUIResources.bundle",
			);
			runOnlyForDeploymentPostprocessing = 0;
			shellPath = /bin/sh;
			shellScript = "\"${SRCROOT}/Pods/Target Support Files/Pods-taskivate/Pods-taskivate-resources.sh\"\n";
			showEnvVarsInLog = 0;
		};
		9086DE129420FE685B74F9D1 /* [CP] Embed Pods Frameworks */ = {
			isa = PBXShellScriptBuildPhase;
			buildActionMask = 2147483647;
			files = (
			);
			inputPaths = (
				"${SRCROOT}/Pods/Target Support Files/Pods-taskivateUITests/Pods-taskivateUITests-frameworks.sh",
				"${BUILT_PRODUCTS_DIR}/Bolts/Bolts.framework",
				"${BUILT_PRODUCTS_DIR}/BoringSSL/openssl.framework",
				"${BUILT_PRODUCTS_DIR}/Eureka/Eureka.framework",
				"${BUILT_PRODUCTS_DIR}/FBSDKCoreKit/FBSDKCoreKit.framework",
				"${BUILT_PRODUCTS_DIR}/FBSDKLoginKit/FBSDKLoginKit.framework",
				"${BUILT_PRODUCTS_DIR}/GTMOAuth2/GTMOAuth2.framework",
				"${BUILT_PRODUCTS_DIR}/GTMSessionFetcher/GTMSessionFetcher.framework",
				"${BUILT_PRODUCTS_DIR}/GoogleToolboxForMac/GoogleToolboxForMac.framework",
				"${BUILT_PRODUCTS_DIR}/ImageRow/ImageRow.framework",
				"${BUILT_PRODUCTS_DIR}/JSQMessagesViewController/JSQMessagesViewController.framework",
				"${BUILT_PRODUCTS_DIR}/JSQSystemSoundPlayer/JSQSystemSoundPlayer.framework",
				"${BUILT_PRODUCTS_DIR}/PhoneNumberKit/PhoneNumberKit.framework",
				"${BUILT_PRODUCTS_DIR}/Protobuf/Protobuf.framework",
				"${BUILT_PRODUCTS_DIR}/RxCocoa/RxCocoa.framework",
				"${BUILT_PRODUCTS_DIR}/RxSwift/RxSwift.framework",
				"${BUILT_PRODUCTS_DIR}/SDWebImage/SDWebImage.framework",
				"${BUILT_PRODUCTS_DIR}/SwiftyBeaver/SwiftyBeaver.framework",
				"${PODS_ROOT}/TwitterCore/iOS/TwitterCore.framework",
				"${PODS_ROOT}/TwitterKit/iOS/TwitterKit.framework",
				"${BUILT_PRODUCTS_DIR}/gRPC/GRPCClient.framework",
				"${BUILT_PRODUCTS_DIR}/gRPC-Core/grpc.framework",
				"${BUILT_PRODUCTS_DIR}/gRPC-ProtoRPC/ProtoRPC.framework",
				"${BUILT_PRODUCTS_DIR}/gRPC-RxLibrary/RxLibrary.framework",
				"${BUILT_PRODUCTS_DIR}/leveldb-library/leveldb.framework",
				"${BUILT_PRODUCTS_DIR}/nanopb/nanopb.framework",
			);
			name = "[CP] Embed Pods Frameworks";
			outputPaths = (
				"${TARGET_BUILD_DIR}/${FRAMEWORKS_FOLDER_PATH}/Bolts.framework",
				"${TARGET_BUILD_DIR}/${FRAMEWORKS_FOLDER_PATH}/openssl.framework",
				"${TARGET_BUILD_DIR}/${FRAMEWORKS_FOLDER_PATH}/Eureka.framework",
				"${TARGET_BUILD_DIR}/${FRAMEWORKS_FOLDER_PATH}/FBSDKCoreKit.framework",
				"${TARGET_BUILD_DIR}/${FRAMEWORKS_FOLDER_PATH}/FBSDKLoginKit.framework",
				"${TARGET_BUILD_DIR}/${FRAMEWORKS_FOLDER_PATH}/GTMOAuth2.framework",
				"${TARGET_BUILD_DIR}/${FRAMEWORKS_FOLDER_PATH}/GTMSessionFetcher.framework",
				"${TARGET_BUILD_DIR}/${FRAMEWORKS_FOLDER_PATH}/GoogleToolboxForMac.framework",
				"${TARGET_BUILD_DIR}/${FRAMEWORKS_FOLDER_PATH}/ImageRow.framework",
				"${TARGET_BUILD_DIR}/${FRAMEWORKS_FOLDER_PATH}/JSQMessagesViewController.framework",
				"${TARGET_BUILD_DIR}/${FRAMEWORKS_FOLDER_PATH}/JSQSystemSoundPlayer.framework",
				"${TARGET_BUILD_DIR}/${FRAMEWORKS_FOLDER_PATH}/PhoneNumberKit.framework",
				"${TARGET_BUILD_DIR}/${FRAMEWORKS_FOLDER_PATH}/Protobuf.framework",
				"${TARGET_BUILD_DIR}/${FRAMEWORKS_FOLDER_PATH}/RxCocoa.framework",
				"${TARGET_BUILD_DIR}/${FRAMEWORKS_FOLDER_PATH}/RxSwift.framework",
				"${TARGET_BUILD_DIR}/${FRAMEWORKS_FOLDER_PATH}/SDWebImage.framework",
				"${TARGET_BUILD_DIR}/${FRAMEWORKS_FOLDER_PATH}/SwiftyBeaver.framework",
				"${TARGET_BUILD_DIR}/${FRAMEWORKS_FOLDER_PATH}/TwitterCore.framework",
				"${TARGET_BUILD_DIR}/${FRAMEWORKS_FOLDER_PATH}/TwitterKit.framework",
				"${TARGET_BUILD_DIR}/${FRAMEWORKS_FOLDER_PATH}/GRPCClient.framework",
				"${TARGET_BUILD_DIR}/${FRAMEWORKS_FOLDER_PATH}/grpc.framework",
				"${TARGET_BUILD_DIR}/${FRAMEWORKS_FOLDER_PATH}/ProtoRPC.framework",
				"${TARGET_BUILD_DIR}/${FRAMEWORKS_FOLDER_PATH}/RxLibrary.framework",
				"${TARGET_BUILD_DIR}/${FRAMEWORKS_FOLDER_PATH}/leveldb.framework",
				"${TARGET_BUILD_DIR}/${FRAMEWORKS_FOLDER_PATH}/nanopb.framework",
			);
			runOnlyForDeploymentPostprocessing = 0;
			shellPath = /bin/sh;
			shellScript = "\"${SRCROOT}/Pods/Target Support Files/Pods-taskivateUITests/Pods-taskivateUITests-frameworks.sh\"\n";
			showEnvVarsInLog = 0;
		};
		C6CBA1C6BEBB4410E8EA0787 /* [CP] Embed Pods Frameworks */ = {
			isa = PBXShellScriptBuildPhase;
			buildActionMask = 2147483647;
			files = (
			);
			inputPaths = (
				"${SRCROOT}/Pods/Target Support Files/Pods-taskivate/Pods-taskivate-frameworks.sh",
				"${BUILT_PRODUCTS_DIR}/Bolts/Bolts.framework",
				"${BUILT_PRODUCTS_DIR}/BoringSSL/openssl.framework",
				"${BUILT_PRODUCTS_DIR}/Eureka/Eureka.framework",
				"${BUILT_PRODUCTS_DIR}/FBSDKCoreKit/FBSDKCoreKit.framework",
				"${BUILT_PRODUCTS_DIR}/FBSDKLoginKit/FBSDKLoginKit.framework",
				"${BUILT_PRODUCTS_DIR}/GTMOAuth2/GTMOAuth2.framework",
				"${BUILT_PRODUCTS_DIR}/GTMSessionFetcher/GTMSessionFetcher.framework",
				"${BUILT_PRODUCTS_DIR}/GoogleToolboxForMac/GoogleToolboxForMac.framework",
				"${BUILT_PRODUCTS_DIR}/ImageRow/ImageRow.framework",
				"${BUILT_PRODUCTS_DIR}/JSQMessagesViewController/JSQMessagesViewController.framework",
				"${BUILT_PRODUCTS_DIR}/JSQSystemSoundPlayer/JSQSystemSoundPlayer.framework",
				"${BUILT_PRODUCTS_DIR}/PhoneNumberKit/PhoneNumberKit.framework",
				"${BUILT_PRODUCTS_DIR}/Protobuf/Protobuf.framework",
				"${BUILT_PRODUCTS_DIR}/RxCocoa/RxCocoa.framework",
				"${BUILT_PRODUCTS_DIR}/RxSwift/RxSwift.framework",
				"${BUILT_PRODUCTS_DIR}/SDWebImage/SDWebImage.framework",
				"${BUILT_PRODUCTS_DIR}/SwiftyBeaver/SwiftyBeaver.framework",
				"${PODS_ROOT}/TwitterCore/iOS/TwitterCore.framework",
				"${PODS_ROOT}/TwitterKit/iOS/TwitterKit.framework",
				"${BUILT_PRODUCTS_DIR}/gRPC/GRPCClient.framework",
				"${BUILT_PRODUCTS_DIR}/gRPC-Core/grpc.framework",
				"${BUILT_PRODUCTS_DIR}/gRPC-ProtoRPC/ProtoRPC.framework",
				"${BUILT_PRODUCTS_DIR}/gRPC-RxLibrary/RxLibrary.framework",
				"${BUILT_PRODUCTS_DIR}/leveldb-library/leveldb.framework",
				"${BUILT_PRODUCTS_DIR}/nanopb/nanopb.framework",
			);
			name = "[CP] Embed Pods Frameworks";
			outputPaths = (
				"${TARGET_BUILD_DIR}/${FRAMEWORKS_FOLDER_PATH}/Bolts.framework",
				"${TARGET_BUILD_DIR}/${FRAMEWORKS_FOLDER_PATH}/openssl.framework",
				"${TARGET_BUILD_DIR}/${FRAMEWORKS_FOLDER_PATH}/Eureka.framework",
				"${TARGET_BUILD_DIR}/${FRAMEWORKS_FOLDER_PATH}/FBSDKCoreKit.framework",
				"${TARGET_BUILD_DIR}/${FRAMEWORKS_FOLDER_PATH}/FBSDKLoginKit.framework",
				"${TARGET_BUILD_DIR}/${FRAMEWORKS_FOLDER_PATH}/GTMOAuth2.framework",
				"${TARGET_BUILD_DIR}/${FRAMEWORKS_FOLDER_PATH}/GTMSessionFetcher.framework",
				"${TARGET_BUILD_DIR}/${FRAMEWORKS_FOLDER_PATH}/GoogleToolboxForMac.framework",
				"${TARGET_BUILD_DIR}/${FRAMEWORKS_FOLDER_PATH}/ImageRow.framework",
				"${TARGET_BUILD_DIR}/${FRAMEWORKS_FOLDER_PATH}/JSQMessagesViewController.framework",
				"${TARGET_BUILD_DIR}/${FRAMEWORKS_FOLDER_PATH}/JSQSystemSoundPlayer.framework",
				"${TARGET_BUILD_DIR}/${FRAMEWORKS_FOLDER_PATH}/PhoneNumberKit.framework",
				"${TARGET_BUILD_DIR}/${FRAMEWORKS_FOLDER_PATH}/Protobuf.framework",
				"${TARGET_BUILD_DIR}/${FRAMEWORKS_FOLDER_PATH}/RxCocoa.framework",
				"${TARGET_BUILD_DIR}/${FRAMEWORKS_FOLDER_PATH}/RxSwift.framework",
				"${TARGET_BUILD_DIR}/${FRAMEWORKS_FOLDER_PATH}/SDWebImage.framework",
				"${TARGET_BUILD_DIR}/${FRAMEWORKS_FOLDER_PATH}/SwiftyBeaver.framework",
				"${TARGET_BUILD_DIR}/${FRAMEWORKS_FOLDER_PATH}/TwitterCore.framework",
				"${TARGET_BUILD_DIR}/${FRAMEWORKS_FOLDER_PATH}/TwitterKit.framework",
				"${TARGET_BUILD_DIR}/${FRAMEWORKS_FOLDER_PATH}/GRPCClient.framework",
				"${TARGET_BUILD_DIR}/${FRAMEWORKS_FOLDER_PATH}/grpc.framework",
				"${TARGET_BUILD_DIR}/${FRAMEWORKS_FOLDER_PATH}/ProtoRPC.framework",
				"${TARGET_BUILD_DIR}/${FRAMEWORKS_FOLDER_PATH}/RxLibrary.framework",
				"${TARGET_BUILD_DIR}/${FRAMEWORKS_FOLDER_PATH}/leveldb.framework",
				"${TARGET_BUILD_DIR}/${FRAMEWORKS_FOLDER_PATH}/nanopb.framework",
			);
			runOnlyForDeploymentPostprocessing = 0;
			shellPath = /bin/sh;
			shellScript = "\"${SRCROOT}/Pods/Target Support Files/Pods-taskivate/Pods-taskivate-frameworks.sh\"\n";
			showEnvVarsInLog = 0;
		};
		D694EEC193D6D4EFD7F36ECF /* [CP] Check Pods Manifest.lock */ = {
			isa = PBXShellScriptBuildPhase;
			buildActionMask = 2147483647;
			files = (
			);
			inputPaths = (
				"${PODS_PODFILE_DIR_PATH}/Podfile.lock",
				"${PODS_ROOT}/Manifest.lock",
			);
			name = "[CP] Check Pods Manifest.lock";
			outputPaths = (
				"$(DERIVED_FILE_DIR)/Pods-taskivate-checkManifestLockResult.txt",
			);
			runOnlyForDeploymentPostprocessing = 0;
			shellPath = /bin/sh;
			shellScript = "diff \"${PODS_PODFILE_DIR_PATH}/Podfile.lock\" \"${PODS_ROOT}/Manifest.lock\" > /dev/null\nif [ $? != 0 ] ; then\n    # print error to STDERR\n    echo \"error: The sandbox is not in sync with the Podfile.lock. Run 'pod install' or update your CocoaPods installation.\" >&2\n    exit 1\nfi\n# This output is used by Xcode 'outputs' to avoid re-running this script phase.\necho \"SUCCESS\" > \"${SCRIPT_OUTPUT_FILE_0}\"\n";
			showEnvVarsInLog = 0;
		};
		DB00110A03864296785BC373 /* [CP] Check Pods Manifest.lock */ = {
			isa = PBXShellScriptBuildPhase;
			buildActionMask = 2147483647;
			files = (
			);
			inputPaths = (
				"${PODS_PODFILE_DIR_PATH}/Podfile.lock",
				"${PODS_ROOT}/Manifest.lock",
			);
			name = "[CP] Check Pods Manifest.lock";
			outputPaths = (
				"$(DERIVED_FILE_DIR)/Pods-taskivateUITests-checkManifestLockResult.txt",
			);
			runOnlyForDeploymentPostprocessing = 0;
			shellPath = /bin/sh;
			shellScript = "diff \"${PODS_PODFILE_DIR_PATH}/Podfile.lock\" \"${PODS_ROOT}/Manifest.lock\" > /dev/null\nif [ $? != 0 ] ; then\n    # print error to STDERR\n    echo \"error: The sandbox is not in sync with the Podfile.lock. Run 'pod install' or update your CocoaPods installation.\" >&2\n    exit 1\nfi\n# This output is used by Xcode 'outputs' to avoid re-running this script phase.\necho \"SUCCESS\" > \"${SCRIPT_OUTPUT_FILE_0}\"\n";
			showEnvVarsInLog = 0;
		};
/* End PBXShellScriptBuildPhase section */

/* Begin PBXSourcesBuildPhase section */
		2862508C209AB87500BD625B /* Sources */ = {
			isa = PBXSourcesBuildPhase;
			buildActionMask = 2147483647;
			files = (
				288CD7F320EAFB450082AA8E /* BaseCollectionViewController.swift in Sources */,
				28A2C8F220F1D1DF00E620E8 /* DashbaordCollectionView.swift in Sources */,
				2823C4ED209AC80B007A2660 /* Notification.Name.swift in Sources */,
				2823C4E4209AC732007A2660 /* UserCell.swift in Sources */,
				28625096209AB87500BD625B /* ViewController.swift in Sources */,
				2850F70A211FBA280005FA6B /* CustomNavigationItem.swift in Sources */,
				2851B1E220D47D0B009088A6 /* UserPhoneCell.swift in Sources */,
				28B25FC9209D316E00BF2A89 /* DashboardController.swift in Sources */,
				2843BCF921050304008A291C /* Task.swift in Sources */,
				28F7C67020B5B52B00095260 /* UserProfileController_old.swift in Sources */,
				2823C500209AC917007A2660 /* LogoutUtils.swift in Sources */,
				2843BCF72104FCEE008A291C /* TaskInfoElement.swift in Sources */,
				28B25FC3209CF18D00BF2A89 /* TaskViewController.swift in Sources */,
				282B238720CD978D00F7B5ED /* UserInfoCell.swift in Sources */,
				287103B820AF84ED00891476 /* AccountOptionsTableView.swift in Sources */,
				2823C4EE209AC80B007A2660 /* UIImageView+Download.swift in Sources */,
				2823C4E5209AC732007A2660 /* UserSearchViewController.swift in Sources */,
				28B25FC7209D2E6B00BF2A89 /* SettingsViewController.swift in Sources */,
				2843BCFC210538CA008A291C /* AddTaskViewController.swift in Sources */,
				28FBE641209C282C0031D144 /* TaskivateAuthViewController.swift in Sources */,
				288CD7EF20E7502B0082AA8E /* BaseTableViewController.swift in Sources */,
				28FBE640209C282C0031D144 /* HomeViewController.swift in Sources */,
				288CD7EB20E748DA0082AA8E /* TaskTableCell.swift in Sources */,
				284535EB20C4D53900A0BE8B /* UserProfileController.swift in Sources */,
				2823C4F5209AC87C007A2660 /* Base.swift in Sources */,
				28DF3BE620C263160009737D /* LaunchViewController.swift in Sources */,
				28AC747F20F5A264006D17B5 /* DashbaordCollectionVC.swift in Sources */,
				287103BA20AF86E700891476 /* SettingsEnum.swift in Sources */,
				2823C501209AC917007A2660 /* AppUtility.swift in Sources */,
				28B7E701209E2C7D009A8C1B /* MenuBar.swift in Sources */,
				288CD7ED20E74E3E0082AA8E /* BaseViewController.swift in Sources */,
				2843BCFE210ABFDE008A291C /* TaskAPI.swift in Sources */,
				28625094209AB87500BD625B /* AppDelegate.swift in Sources */,
				28E849EC209AC353005C5533 /* CustomTabBarController.swift in Sources */,
				2823C4E6209AC732007A2660 /* UsersViewController.swift in Sources */,
				288CD7F520EAFB6F0082AA8E /* BaseCollectionViewCell.swift in Sources */,
				288CD7F120E823880082AA8E /* BaseCell.swift in Sources */,
				28B7E703209F8A13009A8C1B /* TestViewController.swift in Sources */,
				2823C4FE209AC917007A2660 /* DateUtils.swift in Sources */,
				2823C4EF209AC80B007A2660 /* ViewController+Extension.swift in Sources */,
				2823C4F0209AC80B007A2660 /* Extensions.swift in Sources */,
				284535E920C4CD9F00A0BE8B /* FormItemUIProperties.swift in Sources */,
				2823C4E8209AC7E6007A2660 /* User.swift in Sources */,
				2823C502209AC917007A2660 /* Constants.swift in Sources */,
				2823C4F4209AC87C007A2660 /* UserError.swift in Sources */,
				2823C4F6209AC87C007A2660 /* UserAPI.swift in Sources */,
				2823C4FD209AC917007A2660 /* ViewControllerUtils.swift in Sources */,
				2823C4FF209AC917007A2660 /* ImageHelper.swift in Sources */,
			);
			runOnlyForDeploymentPostprocessing = 0;
		};
		286250A0209AB87600BD625B /* Sources */ = {
			isa = PBXSourcesBuildPhase;
			buildActionMask = 2147483647;
			files = (
				286250A9209AB87600BD625B /* taskivateTests.swift in Sources */,
			);
			runOnlyForDeploymentPostprocessing = 0;
		};
		286250AB209AB87600BD625B /* Sources */ = {
			isa = PBXSourcesBuildPhase;
			buildActionMask = 2147483647;
			files = (
				286250B4209AB87600BD625B /* taskivateUITests.swift in Sources */,
			);
			runOnlyForDeploymentPostprocessing = 0;
		};
/* End PBXSourcesBuildPhase section */

/* Begin PBXTargetDependency section */
		286250A6209AB87600BD625B /* PBXTargetDependency */ = {
			isa = PBXTargetDependency;
			target = 2862508F209AB87500BD625B /* taskivate */;
			targetProxy = 286250A5209AB87600BD625B /* PBXContainerItemProxy */;
		};
		286250B1209AB87600BD625B /* PBXTargetDependency */ = {
			isa = PBXTargetDependency;
			target = 2862508F209AB87500BD625B /* taskivate */;
			targetProxy = 286250B0209AB87600BD625B /* PBXContainerItemProxy */;
		};
/* End PBXTargetDependency section */

/* Begin PBXVariantGroup section */
		28625097209AB87500BD625B /* Main.storyboard */ = {
			isa = PBXVariantGroup;
			children = (
				28625098209AB87500BD625B /* Base */,
			);
			name = Main.storyboard;
			sourceTree = "<group>";
		};
		2862509C209AB87600BD625B /* LaunchScreen.storyboard */ = {
			isa = PBXVariantGroup;
			children = (
				2862509D209AB87600BD625B /* Base */,
			);
			name = LaunchScreen.storyboard;
			sourceTree = "<group>";
		};
/* End PBXVariantGroup section */

/* Begin XCBuildConfiguration section */
		286250B6209AB87600BD625B /* Debug */ = {
			isa = XCBuildConfiguration;
			buildSettings = {
				ALWAYS_SEARCH_USER_PATHS = NO;
				CLANG_ANALYZER_NONNULL = YES;
				CLANG_ANALYZER_NUMBER_OBJECT_CONVERSION = YES_AGGRESSIVE;
				CLANG_CXX_LANGUAGE_STANDARD = "gnu++14";
				CLANG_CXX_LIBRARY = "libc++";
				CLANG_ENABLE_MODULES = YES;
				CLANG_ENABLE_OBJC_ARC = YES;
				CLANG_ENABLE_OBJC_WEAK = YES;
				CLANG_WARN_BLOCK_CAPTURE_AUTORELEASING = YES;
				CLANG_WARN_BOOL_CONVERSION = YES;
				CLANG_WARN_COMMA = YES;
				CLANG_WARN_CONSTANT_CONVERSION = YES;
				CLANG_WARN_DEPRECATED_OBJC_IMPLEMENTATIONS = YES;
				CLANG_WARN_DIRECT_OBJC_ISA_USAGE = YES_ERROR;
				CLANG_WARN_DOCUMENTATION_COMMENTS = YES;
				CLANG_WARN_EMPTY_BODY = YES;
				CLANG_WARN_ENUM_CONVERSION = YES;
				CLANG_WARN_INFINITE_RECURSION = YES;
				CLANG_WARN_INT_CONVERSION = YES;
				CLANG_WARN_NON_LITERAL_NULL_CONVERSION = YES;
				CLANG_WARN_OBJC_IMPLICIT_RETAIN_SELF = YES;
				CLANG_WARN_OBJC_LITERAL_CONVERSION = YES;
				CLANG_WARN_OBJC_ROOT_CLASS = YES_ERROR;
				CLANG_WARN_RANGE_LOOP_ANALYSIS = YES;
				CLANG_WARN_STRICT_PROTOTYPES = YES;
				CLANG_WARN_SUSPICIOUS_MOVE = YES;
				CLANG_WARN_UNGUARDED_AVAILABILITY = YES_AGGRESSIVE;
				CLANG_WARN_UNREACHABLE_CODE = YES;
				CLANG_WARN__DUPLICATE_METHOD_MATCH = YES;
				CODE_SIGN_IDENTITY = "iPhone Developer";
				COPY_PHASE_STRIP = NO;
				DEBUG_INFORMATION_FORMAT = dwarf;
				ENABLE_STRICT_OBJC_MSGSEND = YES;
				ENABLE_TESTABILITY = YES;
				GCC_C_LANGUAGE_STANDARD = gnu11;
				GCC_DYNAMIC_NO_PIC = NO;
				GCC_NO_COMMON_BLOCKS = YES;
				GCC_OPTIMIZATION_LEVEL = 0;
				GCC_PREPROCESSOR_DEFINITIONS = (
					"DEBUG=1",
					"$(inherited)",
				);
				GCC_WARN_64_TO_32_BIT_CONVERSION = YES;
				GCC_WARN_ABOUT_RETURN_TYPE = YES_ERROR;
				GCC_WARN_UNDECLARED_SELECTOR = YES;
				GCC_WARN_UNINITIALIZED_AUTOS = YES_AGGRESSIVE;
				GCC_WARN_UNUSED_FUNCTION = YES;
				GCC_WARN_UNUSED_VARIABLE = YES;
				IPHONEOS_DEPLOYMENT_TARGET = 11.3;
				MTL_ENABLE_DEBUG_INFO = YES;
				ONLY_ACTIVE_ARCH = YES;
				SDKROOT = iphoneos;
				SWIFT_ACTIVE_COMPILATION_CONDITIONS = DEBUG;
				SWIFT_OPTIMIZATION_LEVEL = "-Onone";
			};
			name = Debug;
		};
		286250B7209AB87600BD625B /* Release */ = {
			isa = XCBuildConfiguration;
			buildSettings = {
				ALWAYS_SEARCH_USER_PATHS = NO;
				CLANG_ANALYZER_NONNULL = YES;
				CLANG_ANALYZER_NUMBER_OBJECT_CONVERSION = YES_AGGRESSIVE;
				CLANG_CXX_LANGUAGE_STANDARD = "gnu++14";
				CLANG_CXX_LIBRARY = "libc++";
				CLANG_ENABLE_MODULES = YES;
				CLANG_ENABLE_OBJC_ARC = YES;
				CLANG_ENABLE_OBJC_WEAK = YES;
				CLANG_WARN_BLOCK_CAPTURE_AUTORELEASING = YES;
				CLANG_WARN_BOOL_CONVERSION = YES;
				CLANG_WARN_COMMA = YES;
				CLANG_WARN_CONSTANT_CONVERSION = YES;
				CLANG_WARN_DEPRECATED_OBJC_IMPLEMENTATIONS = YES;
				CLANG_WARN_DIRECT_OBJC_ISA_USAGE = YES_ERROR;
				CLANG_WARN_DOCUMENTATION_COMMENTS = YES;
				CLANG_WARN_EMPTY_BODY = YES;
				CLANG_WARN_ENUM_CONVERSION = YES;
				CLANG_WARN_INFINITE_RECURSION = YES;
				CLANG_WARN_INT_CONVERSION = YES;
				CLANG_WARN_NON_LITERAL_NULL_CONVERSION = YES;
				CLANG_WARN_OBJC_IMPLICIT_RETAIN_SELF = YES;
				CLANG_WARN_OBJC_LITERAL_CONVERSION = YES;
				CLANG_WARN_OBJC_ROOT_CLASS = YES_ERROR;
				CLANG_WARN_RANGE_LOOP_ANALYSIS = YES;
				CLANG_WARN_STRICT_PROTOTYPES = YES;
				CLANG_WARN_SUSPICIOUS_MOVE = YES;
				CLANG_WARN_UNGUARDED_AVAILABILITY = YES_AGGRESSIVE;
				CLANG_WARN_UNREACHABLE_CODE = YES;
				CLANG_WARN__DUPLICATE_METHOD_MATCH = YES;
				CODE_SIGN_IDENTITY = "iPhone Developer";
				COPY_PHASE_STRIP = NO;
				DEBUG_INFORMATION_FORMAT = "dwarf-with-dsym";
				ENABLE_NS_ASSERTIONS = NO;
				ENABLE_STRICT_OBJC_MSGSEND = YES;
				GCC_C_LANGUAGE_STANDARD = gnu11;
				GCC_NO_COMMON_BLOCKS = YES;
				GCC_WARN_64_TO_32_BIT_CONVERSION = YES;
				GCC_WARN_ABOUT_RETURN_TYPE = YES_ERROR;
				GCC_WARN_UNDECLARED_SELECTOR = YES;
				GCC_WARN_UNINITIALIZED_AUTOS = YES_AGGRESSIVE;
				GCC_WARN_UNUSED_FUNCTION = YES;
				GCC_WARN_UNUSED_VARIABLE = YES;
				IPHONEOS_DEPLOYMENT_TARGET = 11.3;
				MTL_ENABLE_DEBUG_INFO = NO;
				SDKROOT = iphoneos;
				SWIFT_COMPILATION_MODE = wholemodule;
				SWIFT_OPTIMIZATION_LEVEL = "-O";
				VALIDATE_PRODUCT = YES;
			};
			name = Release;
		};
		286250B9209AB87600BD625B /* Debug */ = {
			isa = XCBuildConfiguration;
			baseConfigurationReference = 3C803028BB7627596AD68378 /* Pods-taskivate.debug.xcconfig */;
			buildSettings = {
				ASSETCATALOG_COMPILER_APPICON_NAME = "AppIcon-2";
				CODE_SIGN_ENTITLEMENTS = taskivate/taskivate.entitlements;
				CODE_SIGN_STYLE = Automatic;
				DEVELOPMENT_TEAM = 22VG54K345;
				INFOPLIST_FILE = taskivate/Info.plist;
				IPHONEOS_DEPLOYMENT_TARGET = 11.4;
				LD_RUNPATH_SEARCH_PATHS = "$(inherited) @executable_path/Frameworks";
				PRODUCT_BUNDLE_IDENTIFIER = com.taskivate.ios;
				PRODUCT_NAME = "$(TARGET_NAME)";
				SWIFT_VERSION = 4.0;
				TARGETED_DEVICE_FAMILY = "1,2";
			};
			name = Debug;
		};
		286250BA209AB87600BD625B /* Release */ = {
			isa = XCBuildConfiguration;
			baseConfigurationReference = 39BCB79730C3B6FC8F9D3A03 /* Pods-taskivate.release.xcconfig */;
			buildSettings = {
				ASSETCATALOG_COMPILER_APPICON_NAME = "AppIcon-2";
				CODE_SIGN_ENTITLEMENTS = taskivate/taskivate.entitlements;
				CODE_SIGN_STYLE = Automatic;
				DEVELOPMENT_TEAM = 22VG54K345;
				INFOPLIST_FILE = taskivate/Info.plist;
				IPHONEOS_DEPLOYMENT_TARGET = 11.4;
				LD_RUNPATH_SEARCH_PATHS = "$(inherited) @executable_path/Frameworks";
				PRODUCT_BUNDLE_IDENTIFIER = com.taskivate.ios;
				PRODUCT_NAME = "$(TARGET_NAME)";
				SWIFT_VERSION = 4.0;
				TARGETED_DEVICE_FAMILY = "1,2";
			};
			name = Release;
		};
		286250BC209AB87600BD625B /* Debug */ = {
			isa = XCBuildConfiguration;
			buildSettings = {
				ALWAYS_EMBED_SWIFT_STANDARD_LIBRARIES = "$(inherited)";
				BUNDLE_LOADER = "$(TEST_HOST)";
				CODE_SIGN_STYLE = Automatic;
				DEVELOPMENT_TEAM = 22VG54K345;
				INFOPLIST_FILE = taskivateTests/Info.plist;
				IPHONEOS_DEPLOYMENT_TARGET = 11.4;
				LD_RUNPATH_SEARCH_PATHS = "$(inherited) @executable_path/Frameworks @loader_path/Frameworks";
				PRODUCT_BUNDLE_IDENTIFIER = com.taskivateTests;
				PRODUCT_NAME = "$(TARGET_NAME)";
				SWIFT_VERSION = 4.0;
				TARGETED_DEVICE_FAMILY = "1,2";
				TEST_HOST = "$(BUILT_PRODUCTS_DIR)/taskivate.app/taskivate";
			};
			name = Debug;
		};
		286250BD209AB87600BD625B /* Release */ = {
			isa = XCBuildConfiguration;
			buildSettings = {
				ALWAYS_EMBED_SWIFT_STANDARD_LIBRARIES = "$(inherited)";
				BUNDLE_LOADER = "$(TEST_HOST)";
				CODE_SIGN_STYLE = Automatic;
				DEVELOPMENT_TEAM = 22VG54K345;
				INFOPLIST_FILE = taskivateTests/Info.plist;
				IPHONEOS_DEPLOYMENT_TARGET = 11.4;
				LD_RUNPATH_SEARCH_PATHS = "$(inherited) @executable_path/Frameworks @loader_path/Frameworks";
				PRODUCT_BUNDLE_IDENTIFIER = com.taskivateTests;
				PRODUCT_NAME = "$(TARGET_NAME)";
				SWIFT_VERSION = 4.0;
				TARGETED_DEVICE_FAMILY = "1,2";
				TEST_HOST = "$(BUILT_PRODUCTS_DIR)/taskivate.app/taskivate";
			};
			name = Release;
		};
		286250BF209AB87600BD625B /* Debug */ = {
			isa = XCBuildConfiguration;
			baseConfigurationReference = 01F14F3700B2C3C87C8BB6FE /* Pods-taskivateUITests.debug.xcconfig */;
			buildSettings = {
				ALWAYS_EMBED_SWIFT_STANDARD_LIBRARIES = "$(inherited)";
				CODE_SIGN_STYLE = Automatic;
				DEVELOPMENT_TEAM = 22VG54K345;
				INFOPLIST_FILE = taskivateUITests/Info.plist;
				IPHONEOS_DEPLOYMENT_TARGET = 11.4;
				LD_RUNPATH_SEARCH_PATHS = "$(inherited) @executable_path/Frameworks @loader_path/Frameworks";
				PRODUCT_BUNDLE_IDENTIFIER = com.taskivateUITests;
				PRODUCT_NAME = "$(TARGET_NAME)";
				SWIFT_VERSION = 4.0;
				TARGETED_DEVICE_FAMILY = "1,2";
				TEST_TARGET_NAME = taskivate;
			};
			name = Debug;
		};
		286250C0209AB87600BD625B /* Release */ = {
			isa = XCBuildConfiguration;
			baseConfigurationReference = 62EE98BAD38F19680CD7C221 /* Pods-taskivateUITests.release.xcconfig */;
			buildSettings = {
				ALWAYS_EMBED_SWIFT_STANDARD_LIBRARIES = "$(inherited)";
				CODE_SIGN_STYLE = Automatic;
				DEVELOPMENT_TEAM = 22VG54K345;
				INFOPLIST_FILE = taskivateUITests/Info.plist;
				IPHONEOS_DEPLOYMENT_TARGET = 11.4;
				LD_RUNPATH_SEARCH_PATHS = "$(inherited) @executable_path/Frameworks @loader_path/Frameworks";
				PRODUCT_BUNDLE_IDENTIFIER = com.taskivateUITests;
				PRODUCT_NAME = "$(TARGET_NAME)";
				SWIFT_VERSION = 4.0;
				TARGETED_DEVICE_FAMILY = "1,2";
				TEST_TARGET_NAME = taskivate;
			};
			name = Release;
		};
/* End XCBuildConfiguration section */

/* Begin XCConfigurationList section */
		2862508B209AB87500BD625B /* Build configuration list for PBXProject "taskivate" */ = {
			isa = XCConfigurationList;
			buildConfigurations = (
				286250B6209AB87600BD625B /* Debug */,
				286250B7209AB87600BD625B /* Release */,
			);
			defaultConfigurationIsVisible = 0;
			defaultConfigurationName = Release;
		};
		286250B8209AB87600BD625B /* Build configuration list for PBXNativeTarget "taskivate" */ = {
			isa = XCConfigurationList;
			buildConfigurations = (
				286250B9209AB87600BD625B /* Debug */,
				286250BA209AB87600BD625B /* Release */,
			);
			defaultConfigurationIsVisible = 0;
			defaultConfigurationName = Release;
		};
		286250BB209AB87600BD625B /* Build configuration list for PBXNativeTarget "taskivateTests" */ = {
			isa = XCConfigurationList;
			buildConfigurations = (
				286250BC209AB87600BD625B /* Debug */,
				286250BD209AB87600BD625B /* Release */,
			);
			defaultConfigurationIsVisible = 0;
			defaultConfigurationName = Release;
		};
		286250BE209AB87600BD625B /* Build configuration list for PBXNativeTarget "taskivateUITests" */ = {
			isa = XCConfigurationList;
			buildConfigurations = (
				286250BF209AB87600BD625B /* Debug */,
				286250C0209AB87600BD625B /* Release */,
			);
			defaultConfigurationIsVisible = 0;
			defaultConfigurationName = Release;
		};
/* End XCConfigurationList section */
	};
	rootObject = 28625088209AB87500BD625B /* Project object */;
}
